<?xml version="1.0" encoding="UTF-8" standalone="yes" ?>
<CodeBlocks_project_file>
	<FileVersion major="1" minor="6" />
	<Project>
		<Option title="Requests" />
		<Option pch_mode="2" />
		<Option compiler="copy_of_gnu_gcc_compiler_720" />
		<Build>
			<Target title="Debug">
				<Option output="bin/Debug/Requests" prefix_auto="1" extension_auto="1" />
				<Option object_output="obj/Debug/" />
				<Option type="0" />
				<Option compiler="copy_of_gnu_gcc_compiler_720" />
				<Option projectLinkerOptionsRelation="2" />
				<Compiler>
					<Add option="-g" />
					<Add directory="D:/wxWidgets-3.1.2_dyn/lib/gcc_dll/mswu" />
					<Add directory="include" />
				</Compiler>
				<ResourceCompiler>
					<Add directory="D:/wxWidgets-3.1.2_dyn/lib/gcc_dll/mswu" />
				</ResourceCompiler>
				<Linker>
					<Add library="libwxmsw31u_core.a" />
					<Add library="libwxbase31u.a" />
					<Add library="libwxpng.a" />
					<Add library="libwxzlib.a" />
					<Add directory="D:/wxWidgets-3.1.2_dyn/lib/gcc_dll" />
				</Linker>
			</Target>
			<Target title="Release">
				<Option output="bin/Release/Requests" prefix_auto="1" extension_auto="1" />
				<Option object_output="obj/Release/" />
				<Option type="0" />
				<Option compiler="copy_of_gnu_gcc_compiler_720" />
				<Option projectLinkerOptionsRelation="2" />
				<Compiler>
					<Add option="-O2" />
					<Add directory="D:/wxWidgets-3.1.2_dyn/lib/gcc_dll/mswu" />
					<Add directory="include" />
				</Compiler>
				<ResourceCompiler>
					<Add directory="D:/wxWidgets-3.1.2_dyn/lib/gcc_dll/mswu" />
				</ResourceCompiler>
				<Linker>
					<Add option="-s" />
					<Add library="libwxmsw31u_core.a" />
					<Add library="libwxbase31u.a" />
					<Add library="libwxpng.a" />
					<Add library="libwxzlib.a" />
					<Add directory="D:/wxWidgets-3.1.2_dyn/lib/gcc_dll" />
				</Linker>
			</Target>
		</Build>
		<Compiler>
			<Add option="-Wall" />
			<Add option="-pipe" />
			<Add option="-mthreads" />
			<Add option="-D__GNUWIN32__" />
			<Add option="-D__WXMSW__" />
			<Add option="-DWXUSINGDLL" />
			<Add option="-DwxUSE_UNICODE" />
			<Add directory="D:/wxWidgets-3.1.2_dyn/include" />
			<Add directory="D:/boost_66_installed/include/boost-1_66" />
			<Add directory="include" />
			<Add directory="src" />
			<Add directory="D:/openssl-1.0.2n_7.2.0/include" />
			<Add directory="../Requests" />
		</Compiler>
		<ResourceCompiler>
			<Add directory="D:/wxWidgets-3.1.2_dyn/include" />
		</ResourceCompiler>
		<Linker>
			<Add option="-mthreads" />
			<Add option="-lssl" />
			<Add option="-lcrypto" />
			<Add option="-lws2_32" />
			<Add option="-lwsock32" />
			<Add option="-lgdi32" />
			<Add library="../../../boost_66_installed/lib/libboost_system-mgw72-mt-x32-1_66.a" />
		</Linker>
		<Unit filename="Main.cpp" />
		<Unit filename="Main.h" />
		<Unit filename="include/EventRedirect.h" />
		<Unit filename="include/POP3.h" />
		<Unit filename="include/a_requests.h" />
		<Unit filename="include/clientBase.h" />
		<Unit filename="include/httprequest.h" />
		<Unit filename="include/input_validator.h" />
		<Unit filename="include/parse_chunk.h" />
		<Unit filename="include/parse_head.h" />
		<Unit filename="include/pop3client.h" />
		<Unit filename="include/reply_parser.h" />
		<Unit filename="include/ssl_base.h" />
		<Unit filename="include/ssl_connect.h" />
		<Unit filename="include/sslrequest.h" />
		<Unit filename="resource.rc">
			<Option compilerVar="WINDRES" />
		</Unit>
		<Unit filename="src/EventRedirect.cpp" />
		<Unit filename="src/POP3.cpp" />
		<Unit filename="src/POP3_controls.cpp" />
		<Unit filename="src/Toolbars.cpp" />
		<Unit filename="src/a_requests.cpp" />
		<Unit filename="src/clientBase.cpp" />
		<Unit filename="src/event_handlers.cpp" />
		<Unit filename="src/events.cpp" />
		<Unit filename="src/httprequest.cpp" />
		<Unit filename="src/input_validator.cpp" />
		<Unit filename="src/menues.cpp" />
		<Unit filename="src/parse_chunk.cpp" />
		<Unit filename="src/parse_head.cpp" />
		<Unit filename="src/pop3client.cpp" />
		<Unit filename="src/reply_parser.cpp" />
		<Unit filename="src/ssl_base.cpp" />
		<Unit filename="src/ssl_connect.cpp" />
		<Unit filename="src/sslrequest.cpp" />
		<Unit filename="wxGUI2.cpp" />
		<Unit filename="wxGUI2.h" />
		<Extensions>
			<code_completion />
			<debugger />
			<envvars />
		</Extensions>
	</Project>
</CodeBlocks_project_file>
